
Microsoft Visual Studio Solution File, Format Version 12.00
# Visual Studio Version 17
VisualStudioVersion = 17.10.35201.131
MinimumVisualStudioVersion = 10.0.40219.1
Project("{FAE04EC0-301F-11D3-BF4B-00C04F79EFBC}") = "interpretador_funciones", "interpretador_funciones\interpretador_funciones.csproj", "{CA6AA76F-6876-412C-BF04-AD4AFD916F70}"
EndProject
Global
	GlobalSection(SolutionConfigurationPlatforms) = preSolution
		Debug|Any CPU = Debug|Any CPU
		Release|Any CPU = Release|Any CPU
	EndGlobalSection
	GlobalSection(ProjectConfigurationPlatforms) = postSolution
		{CA6AA76F-6876-412C-BF04-AD4AFD916F70}.Debug|Any CPU.ActiveCfg = Debug|Any CPU
		{CA6AA76F-6876-412C-BF04-AD4AFD916F70}.Debug|Any CPU.Build.0 = Debug|Any CPU
		{CA6AA76F-6876-412C-BF04-AD4AFD916F70}.Release|Any CPU.ActiveCfg = Release|Any CPU
		{CA6AA76F-6876-412C-BF04-AD4AFD916F70}.Release|Any CPU.Build.0 = Release|Any CPU
	EndGlobalSection
	GlobalSection(SolutionProperties) = preSolution
		HideSolutionNode = FALSE
	EndGlobalSection
	GlobalSection(ExtensibilityGlobals) = postSolution
		SolutionGuid = {9ED34DD7-7F9E-4E2F-8843-DFD5E5A4DDD3}
	EndGlobalSection
EndGlobal
